
Microsoft Visual Studio Solution File, Format Version 12.00
# Visual Studio Version 16
VisualStudioVersion = 16.0.30320.27
MinimumVisualStudioVersion = 10.0.40219.1
Project("{FAE04EC0-301F-11D3-BF4B-00C04F79EFBC}") = "ExtendingCollectionInitializer", "ExtendingCollectionInitializer\ExtendingCollectionInitializer.csproj", "{643AEEDE-AD48-46DC-9734-E8AF37511AD5}"
EndProject
Global
	GlobalSection(SolutionConfigurationPlatforms) = preSolution
		Debug|Any CPU = Debug|Any CPU
		Release|Any CPU = Release|Any CPU
	EndGlobalSection
	GlobalSection(ProjectConfigurationPlatforms) = postSolution
		{643AEEDE-AD48-46DC-9734-E8AF37511AD5}.Debug|Any CPU.ActiveCfg = Debug|Any CPU
		{643AEEDE-AD48-46DC-9734-E8AF37511AD5}.Debug|Any CPU.Build.0 = Debug|Any CPU
		{643AEEDE-AD48-46DC-9734-E8AF37511AD5}.Release|Any CPU.ActiveCfg = Release|Any CPU
		{643AEEDE-AD48-46DC-9734-E8AF37511AD5}.Release|Any CPU.Build.0 = Release|Any CPU
	EndGlobalSection
	GlobalSection(SolutionProperties) = preSolution
		HideSolutionNode = FALSE
	EndGlobalSection
	GlobalSection(ExtensibilityGlobals) = postSolution
		SolutionGuid = {0D377584-6E2B-45E7-87F4-F0FDBA5F9503}
	EndGlobalSection
EndGlobal
