
Microsoft Visual Studio Solution File, Format Version 12.00
# Visual Studio Version 16
VisualStudioVersion = 16.0.30320.27
MinimumVisualStudioVersion = 10.0.40219.1
Project("{FAE04EC0-301F-11D3-BF4B-00C04F79EFBC}") = "StructsAndFunctionsReadOnly", "StructsAndFunctionsReadOnly\StructsAndFunctionsReadOnly.csproj", "{FFF5B20A-5E60-4F6C-966D-DFF1E920CDAF}"
EndProject
Global
	GlobalSection(SolutionConfigurationPlatforms) = preSolution
		Debug|Any CPU = Debug|Any CPU
		Release|Any CPU = Release|Any CPU
	EndGlobalSection
	GlobalSection(ProjectConfigurationPlatforms) = postSolution
		{FFF5B20A-5E60-4F6C-966D-DFF1E920CDAF}.Debug|Any CPU.ActiveCfg = Debug|Any CPU
		{FFF5B20A-5E60-4F6C-966D-DFF1E920CDAF}.Debug|Any CPU.Build.0 = Debug|Any CPU
		{FFF5B20A-5E60-4F6C-966D-DFF1E920CDAF}.Release|Any CPU.ActiveCfg = Release|Any CPU
		{FFF5B20A-5E60-4F6C-966D-DFF1E920CDAF}.Release|Any CPU.Build.0 = Release|Any CPU
	EndGlobalSection
	GlobalSection(SolutionProperties) = preSolution
		HideSolutionNode = FALSE
	EndGlobalSection
	GlobalSection(ExtensibilityGlobals) = postSolution
		SolutionGuid = {B3537F70-E815-4D3E-BE5F-F852E9F22914}
	EndGlobalSection
EndGlobal
